
Microsoft Visual Studio Solution File, Format Version 12.00
# Visual Studio Version 16
VisualStudioVersion = 16.0.32002.261
MinimumVisualStudioVersion = 10.0.40219.1
Project("{FAE04EC0-301F-11D3-BF4B-00C04F79EFBC}") = "WindowsFormsApp15052022", "WindowsFormsApp15052022\WindowsFormsApp15052022.csproj", "{334616DB-54E3-417D-BDF8-3D944DA49455}"
EndProject
Global
	GlobalSection(SolutionConfigurationPlatforms) = preSolution
		Debug|Any CPU = Debug|Any CPU
		Release|Any CPU = Release|Any CPU
	EndGlobalSection
	GlobalSection(ProjectConfigurationPlatforms) = postSolution
		{334616DB-54E3-417D-BDF8-3D944DA49455}.Debug|Any CPU.ActiveCfg = Debug|Any CPU
		{334616DB-54E3-417D-BDF8-3D944DA49455}.Debug|Any CPU.Build.0 = Debug|Any CPU
		{334616DB-54E3-417D-BDF8-3D944DA49455}.Release|Any CPU.ActiveCfg = Release|Any CPU
		{334616DB-54E3-417D-BDF8-3D944DA49455}.Release|Any CPU.Build.0 = Release|Any CPU
	EndGlobalSection
	GlobalSection(SolutionProperties) = preSolution
		HideSolutionNode = FALSE
	EndGlobalSection
	GlobalSection(ExtensibilityGlobals) = postSolution
		SolutionGuid = {F046069F-3534-4B29-8630-F2D67015929D}
	EndGlobalSection
EndGlobal
